
Microsoft Visual Studio Solution File, Format Version 12.00
# Visual Studio Version 17
VisualStudioVersion = 17.4.33110.190
MinimumVisualStudioVersion = 10.0.40219.1
Project("{FAE04EC0-301F-11D3-BF4B-00C04F79EFBC}") = "TextureSetMaker", "TextureSetMaker.csproj", "{C5904054-0611-4EED-B0B3-2B9A74E5F3AB}"
EndProject
Global
	GlobalSection(SolutionConfigurationPlatforms) = preSolution
		Debug|Any CPU = Debug|Any CPU
		Release|Any CPU = Release|Any CPU
	EndGlobalSection
	GlobalSection(ProjectConfigurationPlatforms) = postSolution
		{C5904054-0611-4EED-B0B3-2B9A74E5F3AB}.Debug|Any CPU.ActiveCfg = Debug|Any CPU
		{C5904054-0611-4EED-B0B3-2B9A74E5F3AB}.Debug|Any CPU.Build.0 = Debug|Any CPU
		{C5904054-0611-4EED-B0B3-2B9A74E5F3AB}.Release|Any CPU.ActiveCfg = Release|Any CPU
		{C5904054-0611-4EED-B0B3-2B9A74E5F3AB}.Release|Any CPU.Build.0 = Release|Any CPU
	EndGlobalSection
	GlobalSection(SolutionProperties) = preSolution
		HideSolutionNode = FALSE
	EndGlobalSection
	GlobalSection(ExtensibilityGlobals) = postSolution
		SolutionGuid = {A612B2C3-EA66-40B4-B793-2610CB0F6F6C}
	EndGlobalSection
EndGlobal
